
Microsoft Visual Studio Solution File, Format Version 12.00
# Visual Studio 2012
Project("{FAE04EC0-301F-11D3-BF4B-00C04F79EFBC}") = "Tuiles Glissantes", "Tuiles Glissantes\Tuiles Glissantes.csproj", "{D45B67D0-687B-4F0E-B8B9-39EF83AA07EE}"
EndProject
Global
	GlobalSection(SolutionConfigurationPlatforms) = preSolution
		Debug|Any CPU = Debug|Any CPU
		Release|Any CPU = Release|Any CPU
	EndGlobalSection
	GlobalSection(ProjectConfigurationPlatforms) = postSolution
		{D45B67D0-687B-4F0E-B8B9-39EF83AA07EE}.Debug|Any CPU.ActiveCfg = Debug|Any CPU
		{D45B67D0-687B-4F0E-B8B9-39EF83AA07EE}.Debug|Any CPU.Build.0 = Debug|Any CPU
		{D45B67D0-687B-4F0E-B8B9-39EF83AA07EE}.Release|Any CPU.ActiveCfg = Release|Any CPU
		{D45B67D0-687B-4F0E-B8B9-39EF83AA07EE}.Release|Any CPU.Build.0 = Release|Any CPU
	EndGlobalSection
	GlobalSection(SolutionProperties) = preSolution
		HideSolutionNode = FALSE
	EndGlobalSection
EndGlobal
